{
  "version": 4,
  "terraform_version": "1.5.7",
  "serial": 12,
  "lineage": "8b9fea4f-990e-5147-a3e6-466cbe34a01f",
  "outputs": {},
  "resources": [
    {
      "mode": "managed",
      "type": "adguard_rewrite",
      "name": "domain",
      "provider": "provider[\"registry.terraform.io/gmichels/adguard\"]",
      "instances": [
        {
          "index_key": "*.awesomesandwish.xyz",
          "schema_version": 0,
          "attributes": {
            "answer": "192.168.100.8",
            "domain": "*.awesomesandwish.xyz",
            "enabled": true,
            "id": "*.awesomesandwish.xyz||192.168.100.8",
            "last_updated": "Wednesday, 15-Apr-26 20:32:43 +04"
          },
          "sensitive_attributes": []
        },
        {
          "index_key": "bitwarden",
          "schema_version": 0,
          "attributes": {
            "answer": "192.168.100.99",
            "domain": "bitwarden",
            "enabled": true,
            "id": "bitwarden||192.168.100.99",
            "last_updated": "Wednesday, 15-Apr-26 20:32:43 +04"
          },
          "sensitive_attributes": []
        },
        {
          "index_key": "centreon-prod",
          "schema_version": 0,
          "attributes": {
            "answer": "192.168.100.7",
            "domain": "centreon-prod",
            "enabled": true,
            "id": "centreon-prod||192.168.100.7",
            "last_updated": "Wednesday, 15-Apr-26 20:32:43 +04"
          },
          "sensitive_attributes": []
        },
        {
          "index_key": "dns",
          "schema_version": 0,
          "attributes": {
            "answer": "192.168.100.5",
            "domain": "dns",
            "enabled": true,
            "id": "dns||192.168.100.5",
            "last_updated": "Wednesday, 15-Apr-26 20:32:43 +04"
          },
          "sensitive_attributes": []
        },
        {
          "index_key": "dns2",
          "schema_version": 0,
          "attributes": {
            "answer": "192.168.100.6",
            "domain": "dns2",
            "enabled": true,
            "id": "dns2||192.168.100.6",
            "last_updated": "Wednesday, 15-Apr-26 20:32:43 +04"
          },
          "sensitive_attributes": []
        },
        {
          "index_key": "docker-node01",
          "schema_version": 0,
          "attributes": {
            "answer": "192.168.100.8",
            "domain": "docker-node01",
            "enabled": true,
            "id": "docker-node01||192.168.100.8",
            "last_updated": "Wednesday, 15-Apr-26 20:32:43 +04"
          },
          "sensitive_attributes": []
        },
        {
          "index_key": "git",
          "schema_version": 0,
          "attributes": {
            "answer": "192.168.100.11",
            "domain": "git",
            "enabled": true,
            "id": "git||192.168.100.11",
            "last_updated": "Wednesday, 15-Apr-26 20:32:43 +04"
          },
          "sensitive_attributes": []
        },
        {
          "index_key": "jellyfin",
          "schema_version": 0,
          "attributes": {
            "answer": "192.168.100.100",
            "domain": "jellyfin",
            "enabled": true,
            "id": "jellyfin||192.168.100.100",
            "last_updated": "Wednesday, 15-Apr-26 20:32:43 +04"
          },
          "sensitive_attributes": []
        },
        {
          "index_key": "orion",
          "schema_version": 0,
          "attributes": {
            "answer": "192.168.100.20",
            "domain": "orion",
            "enabled": true,
            "id": "orion||192.168.100.20",
            "last_updated": "Wednesday, 15-Apr-26 20:32:43 +04"
          },
          "sensitive_attributes": []
        },
        {
          "index_key": "orion-node02",
          "schema_version": 0,
          "attributes": {
            "answer": "192.168.100.22",
            "domain": "orion-node02",
            "enabled": true,
            "id": "orion-node02||192.168.100.22",
            "last_updated": "Wednesday, 15-Apr-26 20:32:43 +04"
          },
          "sensitive_attributes": []
        },
        {
          "index_key": "pi",
          "schema_version": 0,
          "attributes": {
            "answer": "192.168.100.21",
            "domain": "pi",
            "enabled": true,
            "id": "pi||192.168.100.21",
            "last_updated": "Wednesday, 15-Apr-26 20:32:43 +04"
          },
          "sensitive_attributes": []
        }
      ]
    }
  ],
  "check_results": null
}
